
Microsoft Visual Studio Solution File, Format Version 12.00
# Visual Studio Express 15 for Windows Desktop
VisualStudioVersion = 15.0.28307.1000
MinimumVisualStudioVersion = 10.0.40219.1
Project("{FAE04EC0-301F-11D3-BF4B-00C04F79EFBC}") = "CodeWarsSolutions", "CodeWarsSolutions.csproj", "{B93630F3-E567-4847-AFAD-38C896E2B0B6}"
EndProject
Global
	GlobalSection(SolutionConfigurationPlatforms) = preSolution
		Debug|Any CPU = Debug|Any CPU
		Release|Any CPU = Release|Any CPU
	EndGlobalSection
	GlobalSection(ProjectConfigurationPlatforms) = postSolution
		{B93630F3-E567-4847-AFAD-38C896E2B0B6}.Debug|Any CPU.ActiveCfg = Debug|Any CPU
		{B93630F3-E567-4847-AFAD-38C896E2B0B6}.Debug|Any CPU.Build.0 = Debug|Any CPU
		{B93630F3-E567-4847-AFAD-38C896E2B0B6}.Release|Any CPU.ActiveCfg = Release|Any CPU
		{B93630F3-E567-4847-AFAD-38C896E2B0B6}.Release|Any CPU.Build.0 = Release|Any CPU
	EndGlobalSection
	GlobalSection(SolutionProperties) = preSolution
		HideSolutionNode = FALSE
	EndGlobalSection
	GlobalSection(ExtensibilityGlobals) = postSolution
		SolutionGuid = {5DA84C93-9F60-4FA4-A254-5209E59E2E4F}
	EndGlobalSection
EndGlobal
